dependencies:
  espp/base_component:
    component_hash: bf0ae988a3c2899e09207ecc278619ede7811af0e3628ee957893c643ee97f95
    dependencies:
    - name: espp/logger
      registry_url: https://components.espressif.com
      require: private
      version: '>=1.0'
    - name: idf
      require: private
      version: '>=5.0'
    source:
      registry_url: https://components.espressif.com
      type: service
    version: 1.1.8
  espp/format:
    component_hash: 2e56a327f5a5dcc34768a4b0dfd5f97db746826f302217cae8091233598092fe
    dependencies:
    - name: idf
      require: private
      version: '>=5.0'
    source:
      registry_url: https://components.espressif.com
      type: service
    version: 1.1.8
  espp/logger:
    component_hash: 4d7ddd30b22b5f77570853456b5a786715ca54bb23324152fce84254b6a9c6ef
    dependencies:
    - name: espp/format
      registry_url: https://components.espressif.com
      require: private
      version: '>=1.0'
    - name: idf
      require: private
      version: '>=5.0'
    source:
      registry_url: https://components.espressif.com
      type: service
    version: 1.1.8
  espp/task:
    component_hash: abefb41c2341680c630e5e3b6ec8be26866b98ca4f190f0257ee9dbd64d64dc7
    dependencies:
    - name: espp/base_component
      registry_url: https://components.espressif.com
      require: private
      version: '>=1.0'
    - name: idf
      require: private
      version: '>=5.0'
    source:
      registry_url: https://components.espressif.com/
      type: service
    version: 1.1.8
  idf:
    source:
      type: idf
    version: 6.0.2
direct_dependencies:
- espp/task
- idf
manifest_hash: e20aa6291450d0f99e731580df5f812c1aea34eb4bde8e46526bafa1deb025f3
target: esp32s3
version: 3.0.0
