dependencies:
  espp/base_component:
    component_hash: f60c0b2b4e907c085b340425306a470fdc949e406bd23f85c705accaa7e75c79
    dependencies:
    - name: espp/logger
      registry_url: https://components.espressif.com
      require: private
      version: '>=1.0'
    - name: idf
      require: private
      version: '>=5.0'
    source:
      registry_url: https://components.espressif.com/
      type: service
    version: 1.3.5
  espp/base_peripheral:
    component_hash: 8e9dfb6887d307183c1b786f794ebcd1fc39a9fda9259c14e1cfc5e5f5969838
    dependencies:
    - name: espp/base_component
      registry_url: https://components.espressif.com
      require: private
      version: '>=1.0'
    - name: idf
      require: private
      version: '>=5.0'
    source:
      registry_url: https://components.espressif.com/
      type: service
    version: 1.3.3
  espp/cli:
    component_hash: 91bdd28eda1d36d00a2c47e7d41b8d8056571b3a62c7c646e6e8fb3fdf30bee3
    dependencies:
    - name: espp/logger
      registry_url: https://components.espressif.com
      require: private
      version: '>=1.0'
    - name: idf
      require: private
      version: '>=5.0'
    source:
      registry_url: https://components.espressif.com
      type: service
    version: 1.3.5
  espp/color:
    component_hash: ba82226cae7419cefccb583a290bf90f2d94a6df12b9cfe555e3abb7fa62b15b
    dependencies:
    - name: espp/format
      registry_url: https://components.espressif.com
      require: private
      version: '>=1.0'
    - name: idf
      require: private
      version: '>=5.0'
    source:
      registry_url: https://components.espressif.com
      type: service
    version: 1.3.5
  espp/coredump:
    component_hash: 04f470adaf3a9ae925dcc28cf86b0b9af68789fa90a76dca6b09b5eff7d3da12
    dependencies:
    - name: espp/base_component
      registry_url: https://components.espressif.com
      require: private
      version: '>=1.0'
    - name: espp/dispatcher
      registry_url: https://components.espressif.com
      require: private
      version: '>=1.0'
    - name: espp/stream_frame
      registry_url: https://components.espressif.com
      require: private
      version: '>=1.0'
    - name: idf
      require: private
      version: '>=5.2'
    source:
      registry_url: https://components.espressif.com/
      type: service
    version: 1.3.5
  espp/dispatcher:
    component_hash: 82e5f0e1a991ae6d03f7ce140e67baf9dba669b4236de3eb4ff836a4923fa213
    dependencies:
    - name: espp/base_component
      registry_url: https://components.espressif.com
      require: private
      version: '>=1.0'
    - name: espp/stream_frame
      registry_url: https://components.espressif.com
      require: private
      version: '>=1.0'
    - name: espp/task
      registry_url: https://components.espressif.com
      require: private
      version: '>=1.0'
    - name: idf
      require: private
      version: '>=5.0'
    source:
      registry_url: https://components.espressif.com/
      type: service
    version: 1.3.5
  espp/file_system:
    component_hash: 4fbf3ad1ba756961dc022c3db6befd066521ef4d84f068a5f8a552c939c2ad85
    dependencies:
    - name: espp/base_component
      registry_url: https://components.espressif.com
      require: private
      version: '>=1.0'
    - name: idf
      require: private
      version: '>=5.0'
    - name: joltwallet/littlefs
      registry_url: https://components.espressif.com
      require: private
      version: 1.20.1
    source:
      registry_url: https://components.espressif.com/
      type: service
    version: 1.3.4
  espp/format:
    component_hash: 13c1d9f34cd3491a4a7192b4d1e90d4df6edff02536e3db1e56c6a31b986dc78
    dependencies:
    - name: idf
      require: private
      version: '>=5.0'
    source:
      registry_url: https://components.espressif.com
      type: service
    version: 1.3.5
  espp/hid-rp:
    component_hash: 37157f1e35663bdc3076ae2b8f7fc45a066e0ed8560e001cda4af1414f142730
    dependencies:
    - name: espp/format
      registry_url: https://components.espressif.com
      require: private
      version: '>=1.0'
    - name: idf
      require: private
      version: '>=5.0'
    source:
      registry_url: https://components.espressif.com/
      type: service
    version: 1.3.3
  espp/i2c:
    component_hash: d822851f4adcf1a48658f1a56ed7c3221cc429b98b4826e215ef7dfb512b1bd2
    dependencies:
    - name: espp/base_component
      registry_url: https://components.espressif.com
      require: private
      version: '>=1.0'
    - name: espp/cli
      registry_url: https://components.espressif.com
      require: private
      version: '>=1.0'
    - name: espp/task
      registry_url: https://components.espressif.com
      require: private
      version: '>=1.0'
    - name: idf
      require: private
      version: '>=5.0'
    source:
      registry_url: https://components.espressif.com/
      type: service
    version: 1.3.5
  espp/interrupt:
    component_hash: 096e7c9d8d6ba2a02adab1fd4666f4a37226a42a9f2ab4a723c5ff4f15e772c5
    dependencies:
    - name: espp/base_component
      registry_url: https://components.espressif.com
      require: private
      version: '>=1.0'
    - name: espp/task
      registry_url: https://components.espressif.com
      require: private
      version: '>=1.0'
    - name: idf
      require: private
      version: '>=5.0'
    source:
      registry_url: https://components.espressif.com
      type: service
    version: 1.3.5
  espp/joystick:
    component_hash: 9410a68d58de6ac4ccdb7a121bb998e7294abdef5d0c8446ee8f61f15bd11cef
    dependencies:
    - name: espp/base_component
      registry_url: https://components.espressif.com
      require: private
      version: '>=1.0'
    - name: espp/math
      registry_url: https://components.espressif.com
      require: private
      version: '>=1.0'
    - name: idf
      require: private
      version: '>=5.0'
    source:
      registry_url: https://components.espressif.com/
      type: service
    version: 1.3.3
  espp/logger:
    component_hash: 44a94efeec4571596e20ee1353a1e4cdc03af8281649aac4ed0abf3a20eb56c6
    dependencies:
    - name: espp/format
      registry_url: https://components.espressif.com
      require: private
      version: '>=1.0'
    - name: idf
      require: private
      version: '>=5.0'
    source:
      registry_url: https://components.espressif.com
      type: service
    version: 1.3.5
  espp/math:
    component_hash: 74de5bfa3cc65dc3dfe4a699da5b669f55102156a831c200c75fdb4d2d425cad
    dependencies:
    - name: espp/format
      registry_url: https://components.espressif.com
      require: private
      version: '>=1.0'
    - name: idf
      require: private
      version: '>=5.0'
    source:
      registry_url: https://components.espressif.com/
      type: service
    version: 1.3.5
  espp/neopixel:
    component_hash: 8067a68dbffb4c979cc64dac9655d9bea3c6de73a0c209d508d3e1b16c4b5f20
    dependencies:
    - name: espp/base_component
      registry_url: https://components.espressif.com
      require: private
      version: '>=1.0'
    - name: espp/color
      registry_url: https://components.espressif.com
      require: private
      version: '>=1.0'
    - name: espp/rmt
      registry_url: https://components.espressif.com
      require: private
      version: '>=1.0'
    - name: idf
      require: private
      version: '>=5.0'
    source:
      registry_url: https://components.espressif.com
      type: service
    version: 1.3.5
  espp/qtpy:
    component_hash: b43a656deda138ca3b563a2ed80f4628f9697696b36f1c4a52008156a1105790
    dependencies:
    - name: espp/base_component
      registry_url: https://components.espressif.com
      require: private
      version: '>=1.0'
    - name: espp/i2c
      registry_url: https://components.espressif.com
      require: private
      version: '>=1.0'
    - name: espp/interrupt
      registry_url: https://components.espressif.com
      require: private
      version: '>=1.0'
    - name: espp/neopixel
      registry_url: https://components.espressif.com
      require: private
      version: '>=1.0'
    - name: espp/task
      registry_url: https://components.espressif.com
      require: private
      version: '>=1.0'
    - name: idf
      require: private
      version: '>=5.0'
    source:
      registry_url: https://components.espressif.com/
      type: service
    targets:
    - esp32
    - esp32s3
    version: 1.3.3
  espp/rmt:
    component_hash: 7ff42d7564de549ef9939c7e2a161550f0136e0a6e34e7261b04ef7d73d6865a
    dependencies:
    - name: espp/base_component
      registry_url: https://components.espressif.com
      require: private
      version: '>=1.0'
    - name: idf
      require: private
      version: '>=5.0'
    source:
      registry_url: https://components.espressif.com
      type: service
    version: 1.3.5
  espp/stream_frame:
    component_hash: 11a225c87a581f538f3f19c2359aaeb98c1d6d712c05ac7632bedf78dadfa87d
    dependencies:
    - name: idf
      require: private
      version: '>=5.0'
    source:
      registry_url: https://components.espressif.com/
      type: service
    version: 1.3.5
  espp/task:
    component_hash: 563fcc5a83e6a877ce0b062f4906808ef0ddb0c562bde0871e5a98c4440999ee
    dependencies:
    - name: espp/base_component
      registry_url: https://components.espressif.com
      require: private
      version: '>=1.0'
    - name: idf
      require: private
      version: '>=5.0'
    source:
      registry_url: https://components.espressif.com/
      type: service
    version: 1.3.5
  espp/timer:
    component_hash: e3465901724121df8a936c0dcf051f9777bd511b62f0c6d1b08b6a3e0c208c02
    dependencies:
    - name: espp/task
      registry_url: https://components.espressif.com
      require: private
      version: '>=1.0'
    - name: idf
      require: private
      version: '>=5.0'
    source:
      registry_url: https://components.espressif.com/
      type: service
    version: 1.3.3
  espp/usb_device:
    component_hash: ed7c7d42037721af1d992d94239a219e9babc51ca8431dfa2aab8d603630b380
    dependencies:
    - name: espp/base_component
      registry_url: https://components.espressif.com
      require: private
      version: '>=1.0'
    - name: espressif/esp_tinyusb
      registry_url: https://components.espressif.com
      require: private
      version: '>=2.0'
    - name: idf
      require: private
      version: '>=5.0'
    - name: espressif/tinyusb
      registry_url: https://components.espressif.com
      require: public
      version: '>=0.21.0'
    source:
      registry_url: https://components.espressif.com/
      type: service
    version: 1.3.3
  espressif/esp_tinyusb:
    component_hash: 9a73a76a6bc17907f6e523342ff6b1e440023e8aac2c11f4691212106ec24e66
    dependencies:
    - name: idf
      require: private
      version: '>=5.0'
    - name: espressif/tinyusb
      registry_url: https://components.espressif.com
      require: public
      version: '>=0.17.0~2'
    source:
      registry_url: https://components.espressif.com
      type: service
    targets:
    - esp32s2
    - esp32s3
    - esp32p4
    - esp32h4
    - esp32s31
    version: 2.2.1
  espressif/tinyusb:
    component_hash: a72b7d67472914ab76309340fd50d578b31e310963d45ad0f81144bde3314752
    dependencies:
    - name: idf
      require: private
      version: '>=5.0'
    source:
      registry_url: https://components.espressif.com/
      type: service
    targets:
    - esp32s2
    - esp32s3
    - esp32p4
    - esp32h4
    - esp32s31
    version: 0.21.0~1
  idf:
    source:
      type: idf
    version: 6.0.2
  joltwallet/littlefs:
    component_hash: 8e12955f47e27e6070b76715a96d6c75fc2b44f069e8c33679332d9bdd3120c4
    dependencies:
    - name: idf
      require: private
      version: '>=5.0'
    source:
      registry_url: https://components.espressif.com
      type: service
    version: 1.20.1
direct_dependencies:
- espp/base_component
- espp/base_peripheral
- espp/coredump
- espp/dispatcher
- espp/file_system
- espp/hid-rp
- espp/i2c
- espp/joystick
- espp/math
- espp/qtpy
- espp/stream_frame
- espp/task
- espp/timer
- espp/usb_device
- espressif/tinyusb
- idf
manifest_hash: 250ae92cf8fa96351d14f83ae0cd8e8122097163d4c2131f1d481181059ab777
target: esp32s3
version: 3.0.0
